// !$*UTF8*$!
{
	archiveVersion = 1;
	classes = {
	};
	objectVersion = 50;
	objects = {

/* Begin PBXBuildFile section */
		A00D5D7C2118EFB600A46925 /* large_4_half@3x.png in Resources */ = {isa = PBXBuildFile; fileRef = A00D5C4C2118EFB500A46925 /* large_4_half@3x.png */; };
		A00D5D7D2118EFB600A46925 /* large_3@3x.png in Resources */ = {isa = PBXBuildFile; fileRef = A00D5C4D2118EFB500A46925 /* large_3@3x.png */; };
		A00D5D7E2118EFB600A46925 /* large_1_half@2x.png in Resources */ = {isa = PBXBuildFile; fileRef = A00D5C4E2118EFB500A46925 /* large_1_half@2x.png */; };
		A00D5D7F2118EFB600A46925 /* large_1@2x.png in Resources */ = {isa = PBXBuildFile; fileRef = A00D5C4F2118EFB500A46925 /* large_1@2x.png */; };
		A00D5D802118EFB600A46925 /* large_3_half.png in Resources */ = {isa = PBXBuildFile; fileRef = A00D5C502118EFB500A46925 /* large_3_half.png */; };
		A00D5D812118EFB600A46925 /* large_2_half.png in Resources */ = {isa = PBXBuildFile; fileRef = A00D5C512118EFB500A46925 /* large_2_half.png */; };
		A00D5D822118EFB600A46925 /* large_1@3x.png in Resources */ = {isa = PBXBuildFile; fileRef = A00D5C522118EFB500A46925 /* large_1@3x.png */; };
		A00D5D832118EFB600A46925 /* large_1_half@3x.png in Resources */ = {isa = PBXBuildFile; fileRef = A00D5C532118EFB500A46925 /* large_1_half@3x.png */; };
		A00D5D842118EFB600A46925 /* large_3@2x.png in Resources */ = {isa = PBXBuildFile; fileRef = A00D5C542118EFB500A46925 /* large_3@2x.png */; };
		A00D5D852118EFB600A46925 /* large_4_half@2x.png in Resources */ = {isa = PBXBuildFile; fileRef = A00D5C552118EFB500A46925 /* large_4_half@2x.png */; };
		A00D5D862118EFB600A46925 /* large_2_half@3x.png in Resources */ = {isa = PBXBuildFile; fileRef = A00D5C562118EFB500A46925 /* large_2_half@3x.png */; };
		A00D5D872118EFB600A46925 /* large_5@3x.png in Resources */ = {isa = PBXBuildFile; fileRef = A00D5C572118EFB500A46925 /* large_5@3x.png */; };
		A00D5D882118EFB600A46925 /* large_5@2x.png in Resources */ = {isa = PBXBuildFile; fileRef = A00D5C582118EFB500A46925 /* large_5@2x.png */; };
		A00D5D892118EFB600A46925 /* large_2_half@2x.png in Resources */ = {isa = PBXBuildFile; fileRef = A00D5C592118EFB500A46925 /* large_2_half@2x.png */; };
		A00D5D8A2118EFB600A46925 /* large_4_half.png in Resources */ = {isa = PBXBuildFile; fileRef = A00D5C5A2118EFB500A46925 /* large_4_half.png */; };
		A00D5D8B2118EFB600A46925 /* large_0@2x.png in Resources */ = {isa = PBXBuildFile; fileRef = A00D5C5B2118EFB500A46925 /* large_0@2x.png */; };
		A00D5D8C2118EFB600A46925 /* large_5.png in Resources */ = {isa = PBXBuildFile; fileRef = A00D5C5C2118EFB500A46925 /* large_5.png */; };
		A00D5D8D2118EFB600A46925 /* large_4.png in Resources */ = {isa = PBXBuildFile; fileRef = A00D5C5D2118EFB500A46925 /* large_4.png */; };
		A00D5D8E2118EFB600A46925 /* large_2@3x.png in Resources */ = {isa = PBXBuildFile; fileRef = A00D5C5E2118EFB500A46925 /* large_2@3x.png */; };
		A00D5D8F2118EFB600A46925 /* large_1_half.png in Resources */ = {isa = PBXBuildFile; fileRef = A00D5C5F2118EFB500A46925 /* large_1_half.png */; };
		A00D5D902118EFB600A46925 /* large_2@2x.png in Resources */ = {isa = PBXBuildFile; fileRef = A00D5C602118EFB500A46925 /* large_2@2x.png */; };
		A00D5D912118EFB600A46925 /* large_0.png in Resources */ = {isa = PBXBuildFile; fileRef = A00D5C612118EFB500A46925 /* large_0.png */; };
		A00D5D922118EFB600A46925 /* large_1.png in Resources */ = {isa = PBXBuildFile; fileRef = A00D5C622118EFB500A46925 /* large_1.png */; };
		A00D5D932118EFB600A46925 /* large_0@3x.png in Resources */ = {isa = PBXBuildFile; fileRef = A00D5C632118EFB500A46925 /* large_0@3x.png */; };
		A00D5D942118EFB600A46925 /* large_3.png in Resources */ = {isa = PBXBuildFile; fileRef = A00D5C642118EFB500A46925 /* large_3.png */; };
		A00D5D952118EFB600A46925 /* large_2.png in Resources */ = {isa = PBXBuildFile; fileRef = A00D5C652118EFB500A46925 /* large_2.png */; };
		A00D5D962118EFB600A46925 /* large_4@3x.png in Resources */ = {isa = PBXBuildFile; fileRef = A00D5C662118EFB500A46925 /* large_4@3x.png */; };
		A00D5D972118EFB600A46925 /* large_3_half@2x.png in Resources */ = {isa = PBXBuildFile; fileRef = A00D5C672118EFB500A46925 /* large_3_half@2x.png */; };
		A00D5D982118EFB600A46925 /* large_3_half@3x.png in Resources */ = {isa = PBXBuildFile; fileRef = A00D5C682118EFB500A46925 /* large_3_half@3x.png */; };
		A00D5D992118EFB600A46925 /* large_4@2x.png in Resources */ = {isa = PBXBuildFile; fileRef = A00D5C692118EFB500A46925 /* large_4@2x.png */; };
		A00D5D9A2118EFB600A46925 /* small_2@2x.png in Resources */ = {isa = PBXBuildFile; fileRef = A00D5C6B2118EFB500A46925 /* small_2@2x.png */; };
		A00D5D9B2118EFB600A46925 /* small_0@3x.png in Resources */ = {isa = PBXBuildFile; fileRef = A00D5C6C2118EFB500A46925 /* small_0@3x.png */; };
		A00D5D9C2118EFB600A46925 /* small_3_half.png in Resources */ = {isa = PBXBuildFile; fileRef = A00D5C6D2118EFB500A46925 /* small_3_half.png */; };
		A00D5D9D2118EFB600A46925 /* small_2_half.png in Resources */ = {isa = PBXBuildFile; fileRef = A00D5C6E2118EFB500A46925 /* small_2_half.png */; };
		A00D5D9E2118EFB600A46925 /* small_0@2x.png in Resources */ = {isa = PBXBuildFile; fileRef = A00D5C6F2118EFB500A46925 /* small_0@2x.png */; };
		A00D5D9F2118EFB600A46925 /* small_2@3x.png in Resources */ = {isa = PBXBuildFile; fileRef = A00D5C702118EFB500A46925 /* small_2@3x.png */; };
		A00D5DA02118EFB600A46925 /* small_3_half@2x.png in Resources */ = {isa = PBXBuildFile; fileRef = A00D5C712118EFB500A46925 /* small_3_half@2x.png */; };
		A00D5DA12118EFB600A46925 /* small_2.png in Resources */ = {isa = PBXBuildFile; fileRef = A00D5C722118EFB500A46925 /* small_2.png */; };
		A00D5DA22118EFB600A46925 /* small_4@2x.png in Resources */ = {isa = PBXBuildFile; fileRef = A00D5C732118EFB500A46925 /* small_4@2x.png */; };
		A00D5DA32118EFB600A46925 /* small_3.png in Resources */ = {isa = PBXBuildFile; fileRef = A00D5C742118EFB500A46925 /* small_3.png */; };
		A00D5DA42118EFB600A46925 /* small_1.png in Resources */ = {isa = PBXBuildFile; fileRef = A00D5C752118EFB500A46925 /* small_1.png */; };
		A00D5DA52118EFB600A46925 /* small_0.png in Resources */ = {isa = PBXBuildFile; fileRef = A00D5C762118EFB500A46925 /* small_0.png */; };
		A00D5DA62118EFB600A46925 /* small_4.png in Resources */ = {isa = PBXBuildFile; fileRef = A00D5C772118EFB500A46925 /* small_4.png */; };
		A00D5DA72118EFB600A46925 /* small_5.png in Resources */ = {isa = PBXBuildFile; fileRef = A00D5C782118EFB500A46925 /* small_5.png */; };
		A00D5DA82118EFB600A46925 /* small_4@3x.png in Resources */ = {isa = PBXBuildFile; fileRef = A00D5C792118EFB500A46925 /* small_4@3x.png */; };
		A00D5DA92118EFB600A46925 /* small_4_half.png in Resources */ = {isa = PBXBuildFile; fileRef = A00D5C7A2118EFB500A46925 /* small_4_half.png */; };
		A00D5DAA2118EFB600A46925 /* small_3_half@3x.png in Resources */ = {isa = PBXBuildFile; fileRef = A00D5C7B2118EFB500A46925 /* small_3_half@3x.png */; };
		A00D5DAB2118EFB600A46925 /* small_1@3x.png in Resources */ = {isa = PBXBuildFile; fileRef = A00D5C7C2118EFB500A46925 /* small_1@3x.png */; };
		A00D5DAC2118EFB600A46925 /* small_1_half@2x.png in Resources */ = {isa = PBXBuildFile; fileRef = A00D5C7D2118EFB500A46925 /* small_1_half@2x.png */; };
		A00D5DAD2118EFB600A46925 /* small_3@2x.png in Resources */ = {isa = PBXBuildFile; fileRef = A00D5C7E2118EFB500A46925 /* small_3@2x.png */; };
		A00D5DAE2118EFB600A46925 /* small_4_half@3x.png in Resources */ = {isa = PBXBuildFile; fileRef = A00D5C7F2118EFB500A46925 /* small_4_half@3x.png */; };
		A00D5DAF2118EFB600A46925 /* small_1_half.png in Resources */ = {isa = PBXBuildFile; fileRef = A00D5C802118EFB500A46925 /* small_1_half.png */; };
		A00D5DB02118EFB600A46925 /* small_4_half@2x.png in Resources */ = {isa = PBXBuildFile; fileRef = A00D5C812118EFB500A46925 /* small_4_half@2x.png */; };
		A00D5DB12118EFB600A46925 /* small_3@3x.png in Resources */ = {isa = PBXBuildFile; fileRef = A00D5C822118EFB500A46925 /* small_3@3x.png */; };
		A00D5DB22118EFB600A46925 /* small_1_half@3x.png in Resources */ = {isa = PBXBuildFile; fileRef = A00D5C832118EFB500A46925 /* small_1_half@3x.png */; };
		A00D5DB32118EFB600A46925 /* small_1@2x.png in Resources */ = {isa = PBXBuildFile; fileRef = A00D5C842118EFB500A46925 /* small_1@2x.png */; };
		A00D5DB42118EFB600A46925 /* small_2_half@3x.png in Resources */ = {isa = PBXBuildFile; fileRef = A00D5C852118EFB500A46925 /* small_2_half@3x.png */; };
		A00D5DB52118EFB600A46925 /* small_5@2x.png in Resources */ = {isa = PBXBuildFile; fileRef = A00D5C862118EFB500A46925 /* small_5@2x.png */; };
		A00D5DB62118EFB600A46925 /* small_5@3x.png in Resources */ = {isa = PBXBuildFile; fileRef = A00D5C872118EFB500A46925 /* small_5@3x.png */; };
		A00D5DB72118EFB600A46925 /* small_2_half@2x.png in Resources */ = {isa = PBXBuildFile; fileRef = A00D5C882118EFB500A46925 /* small_2_half@2x.png */; };
		A00D5DB82118EFB600A46925 /* extra_large_2@2x.png in Resources */ = {isa = PBXBuildFile; fileRef = A00D5C8A2118EFB500A46925 /* extra_large_2@2x.png */; };
		A00D5DB92118EFB600A46925 /* extra_large_0@3x.png in Resources */ = {isa = PBXBuildFile; fileRef = A00D5C8B2118EFB500A46925 /* extra_large_0@3x.png */; };
		A00D5DBA2118EFB600A46925 /* extra_large_3_half.png in Resources */ = {isa = PBXBuildFile; fileRef = A00D5C8C2118EFB500A46925 /* extra_large_3_half.png */; };
		A00D5DBB2118EFB600A46925 /* extra_large_2_half.png in Resources */ = {isa = PBXBuildFile; fileRef = A00D5C8D2118EFB500A46925 /* extra_large_2_half.png */; };
		A00D5DBC2118EFB600A46925 /* extra_large_0@2x.png in Resources */ = {isa = PBXBuildFile; fileRef = A00D5C8E2118EFB500A46925 /* extra_large_0@2x.png */; };
		A00D5DBD2118EFB600A46925 /* extra_large_2@3x.png in Resources */ = {isa = PBXBuildFile; fileRef = A00D5C8F2118EFB500A46925 /* extra_large_2@3x.png */; };
		A00D5DBE2118EFB600A46925 /* extra_large_4_half.png in Resources */ = {isa = PBXBuildFile; fileRef = A00D5C902118EFB500A46925 /* extra_large_4_half.png */; };
		A00D5DBF2118EFB600A46925 /* extra_large_5.png in Resources */ = {isa = PBXBuildFile; fileRef = A00D5C912118EFB500A46925 /* extra_large_5.png */; };
		A00D5DC02118EFB600A46925 /* extra_large_4.png in Resources */ = {isa = PBXBuildFile; fileRef = A00D5C922118EFB500A46925 /* extra_large_4.png */; };
		A00D5DC12118EFB600A46925 /* extra_large_4@2x.png in Resources */ = {isa = PBXBuildFile; fileRef = A00D5C932118EFB500A46925 /* extra_large_4@2x.png */; };
		A00D5DC22118EFB600A46925 /* extra_large_3_half@2x.png in Resources */ = {isa = PBXBuildFile; fileRef = A00D5C942118EFB500A46925 /* extra_large_3_half@2x.png */; };
		A00D5DC32118EFB600A46925 /* extra_large_3.png in Resources */ = {isa = PBXBuildFile; fileRef = A00D5C952118EFB500A46925 /* extra_large_3.png */; };
		A00D5DC42118EFB600A46925 /* extra_large_2.png in Resources */ = {isa = PBXBuildFile; fileRef = A00D5C962118EFB500A46925 /* extra_large_2.png */; };
		A00D5DC52118EFB600A46925 /* extra_large_3_half@3x.png in Resources */ = {isa = PBXBuildFile; fileRef = A00D5C972118EFB500A46925 /* extra_large_3_half@3x.png */; };
		A00D5DC62118EFB600A46925 /* extra_large_4@3x.png in Resources */ = {isa = PBXBuildFile; fileRef = A00D5C982118EFB500A46925 /* extra_large_4@3x.png */; };
		A00D5DC72118EFB600A46925 /* extra_large_0.png in Resources */ = {isa = PBXBuildFile; fileRef = A00D5C992118EFB500A46925 /* extra_large_0.png */; };
		A00D5DC82118EFB600A46925 /* extra_large_1.png in Resources */ = {isa = PBXBuildFile; fileRef = A00D5C9A2118EFB500A46925 /* extra_large_1.png */; };
		A00D5DC92118EFB600A46925 /* extra_large_1@3x.png in Resources */ = {isa = PBXBuildFile; fileRef = A00D5C9B2118EFB500A46925 /* extra_large_1@3x.png */; };
		A00D5DCA2118EFB600A46925 /* extra_large_3@2x.png in Resources */ = {isa = PBXBuildFile; fileRef = A00D5C9C2118EFB500A46925 /* extra_large_3@2x.png */; };
		A00D5DCB2118EFB600A46925 /* extra_large_1_half.png in Resources */ = {isa = PBXBuildFile; fileRef = A00D5C9D2118EFB500A46925 /* extra_large_1_half.png */; };
		A00D5DCC2118EFB600A46925 /* extra_large_1_half@2x.png in Resources */ = {isa = PBXBuildFile; fileRef = A00D5C9E2118EFB500A46925 /* extra_large_1_half@2x.png */; };
		A00D5DCD2118EFB600A46925 /* extra_large_4_half@3x.png in Resources */ = {isa = PBXBuildFile; fileRef = A00D5C9F2118EFB500A46925 /* extra_large_4_half@3x.png */; };
		A00D5DCE2118EFB600A46925 /* extra_large_4_half@2x.png in Resources */ = {isa = PBXBuildFile; fileRef = A00D5CA02118EFB500A46925 /* extra_large_4_half@2x.png */; };
		A00D5DCF2118EFB600A46925 /* extra_large_1_half@3x.png in Resources */ = {isa = PBXBuildFile; fileRef = A00D5CA12118EFB500A46925 /* extra_large_1_half@3x.png */; };
		A00D5DD02118EFB600A46925 /* extra_large_3@3x.png in Resources */ = {isa = PBXBuildFile; fileRef = A00D5CA22118EFB500A46925 /* extra_large_3@3x.png */; };
		A00D5DD12118EFB600A46925 /* extra_large_1@2x.png in Resources */ = {isa = PBXBuildFile; fileRef = A00D5CA32118EFB500A46925 /* extra_large_1@2x.png */; };
		A00D5DD22118EFB600A46925 /* extra_large_5@2x.png in Resources */ = {isa = PBXBuildFile; fileRef = A00D5CA42118EFB500A46925 /* extra_large_5@2x.png */; };
		A00D5DD32118EFB600A46925 /* extra_large_2_half@3x.png in Resources */ = {isa = PBXBuildFile; fileRef = A00D5CA52118EFB500A46925 /* extra_large_2_half@3x.png */; };
		A00D5DD42118EFB600A46925 /* extra_large_2_half@2x.png in Resources */ = {isa = PBXBuildFile; fileRef = A00D5CA62118EFB500A46925 /* extra_large_2_half@2x.png */; };
		A00D5DD52118EFB600A46925 /* extra_large_5@3x.png in Resources */ = {isa = PBXBuildFile; fileRef = A00D5CA72118EFB500A46925 /* extra_large_5@3x.png */; };
		A00D5DD62118EFB600A46925 /* regular_3_half@3x.png in Resources */ = {isa = PBXBuildFile; fileRef = A00D5CA92118EFB500A46925 /* regular_3_half@3x.png */; };
		A00D5DD72118EFB600A46925 /* regular_4@3x.png in Resources */ = {isa = PBXBuildFile; fileRef = A00D5CAA2118EFB500A46925 /* regular_4@3x.png */; };
		A00D5DD82118EFB600A46925 /* regular_4@2x.png in Resources */ = {isa = PBXBuildFile; fileRef = A00D5CAB2118EFB500A46925 /* regular_4@2x.png */; };
		A00D5DD92118EFB600A46925 /* regular_1_half.png in Resources */ = {isa = PBXBuildFile; fileRef = A00D5CAC2118EFB500A46925 /* regular_1_half.png */; };
		A00D5DDA2118EFB600A46925 /* regular_3_half@2x.png in Resources */ = {isa = PBXBuildFile; fileRef = A00D5CAD2118EFB500A46925 /* regular_3_half@2x.png */; };
		A00D5DDB2118EFB600A46925 /* regular_2@3x.png in Resources */ = {isa = PBXBuildFile; fileRef = A00D5CAE2118EFB500A46925 /* regular_2@3x.png */; };
		A00D5DDC2118EFB600A46925 /* regular_0@2x.png in Resources */ = {isa = PBXBuildFile; fileRef = A00D5CAF2118EFB500A46925 /* regular_0@2x.png */; };
		A00D5DDD2118EFB600A46925 /* regular_0@3x.png in Resources */ = {isa = PBXBuildFile; fileRef = A00D5CB02118EFB500A46925 /* regular_0@3x.png */; };
		A00D5DDE2118EFB600A46925 /* regular_2@2x.png in Resources */ = {isa = PBXBuildFile; fileRef = A00D5CB12118EFB500A46925 /* regular_2@2x.png */; };
		A00D5DDF2118EFB600A46925 /* regular_5@3x.png in Resources */ = {isa = PBXBuildFile; fileRef = A00D5CB22118EFB500A46925 /* regular_5@3x.png */; };
		A00D5DE02118EFB600A46925 /* regular_3_half.png in Resources */ = {isa = PBXBuildFile; fileRef = A00D5CB32118EFB500A46925 /* regular_3_half.png */; };
		A00D5DE12118EFB600A46925 /* regular_2_half.png in Resources */ = {isa = PBXBuildFile; fileRef = A00D5CB42118EFB500A46925 /* regular_2_half.png */; };
		A00D5DE22118EFB600A46925 /* regular_2_half@2x.png in Resources */ = {isa = PBXBuildFile; fileRef = A00D5CB52118EFB500A46925 /* regular_2_half@2x.png */; };
		A00D5DE32118EFB600A46925 /* regular_2_half@3x.png in Resources */ = {isa = PBXBuildFile; fileRef = A00D5CB62118EFB600A46925 /* regular_2_half@3x.png */; };
		A00D5DE42118EFB600A46925 /* regular_5@2x.png in Resources */ = {isa = PBXBuildFile; fileRef = A00D5CB72118EFB600A46925 /* regular_5@2x.png */; };
		A00D5DE52118EFB600A46925 /* regular_5.png in Resources */ = {isa = PBXBuildFile; fileRef = A00D5CB82118EFB600A46925 /* regular_5.png */; };
		A00D5DE62118EFB600A46925 /* regular_4_half@2x.png in Resources */ = {isa = PBXBuildFile; fileRef = A00D5CB92118EFB600A46925 /* regular_4_half@2x.png */; };
		A00D5DE72118EFB600A46925 /* regular_4.png in Resources */ = {isa = PBXBuildFile; fileRef = A00D5CBA2118EFB600A46925 /* regular_4.png */; };
		A00D5DE82118EFB600A46925 /* regular_1_half@3x.png in Resources */ = {isa = PBXBuildFile; fileRef = A00D5CBB2118EFB600A46925 /* regular_1_half@3x.png */; };
		A00D5DE92118EFB600A46925 /* regular_1@2x.png in Resources */ = {isa = PBXBuildFile; fileRef = A00D5CBC2118EFB600A46925 /* regular_1@2x.png */; };
		A00D5DEA2118EFB600A46925 /* regular_3@3x.png in Resources */ = {isa = PBXBuildFile; fileRef = A00D5CBD2118EFB600A46925 /* regular_3@3x.png */; };
		A00D5DEB2118EFB600A46925 /* regular_3.png in Resources */ = {isa = PBXBuildFile; fileRef = A00D5CBE2118EFB600A46925 /* regular_3.png */; };
		A00D5DEC2118EFB600A46925 /* regular_3@2x.png in Resources */ = {isa = PBXBuildFile; fileRef = A00D5CBF2118EFB600A46925 /* regular_3@2x.png */; };
		A00D5DED2118EFB600A46925 /* regular_4_half.png in Resources */ = {isa = PBXBuildFile; fileRef = A00D5CC02118EFB600A46925 /* regular_4_half.png */; };
		A00D5DEE2118EFB600A46925 /* regular_2.png in Resources */ = {isa = PBXBuildFile; fileRef = A00D5CC12118EFB600A46925 /* regular_2.png */; };
		A00D5DEF2118EFB600A46925 /* regular_1@3x.png in Resources */ = {isa = PBXBuildFile; fileRef = A00D5CC22118EFB600A46925 /* regular_1@3x.png */; };
		A00D5DF02118EFB600A46925 /* regular_0.png in Resources */ = {isa = PBXBuildFile; fileRef = A00D5CC32118EFB600A46925 /* regular_0.png */; };
		A00D5DF12118EFB600A46925 /* regular_1_half@2x.png in Resources */ = {isa = PBXBuildFile; fileRef = A00D5CC42118EFB600A46925 /* regular_1_half@2x.png */; };
		A00D5DF22118EFB600A46925 /* regular_4_half@3x.png in Resources */ = {isa = PBXBuildFile; fileRef = A00D5CC52118EFB600A46925 /* regular_4_half@3x.png */; };
		A00D5DF32118EFB600A46925 /* regular_1.png in Resources */ = {isa = PBXBuildFile; fileRef = A00D5CC62118EFB600A46925 /* regular_1.png */; };
		A0134D58210A363800A18853 /* RVpark.swift in Sources */ = {isa = PBXBuildFile; fileRef = A0134D57210A363800A18853 /* RVpark.swift */; };
		A01ECF7F211115AD0002E325 /* RouteAnnotation.swift in Sources */ = {isa = PBXBuildFile; fileRef = A01ECF7E211115AD0002E325 /* RouteAnnotation.swift */; };
		A08F6BAD2107902A00CAD95B /* AppDelegate.swift in Sources */ = {isa = PBXBuildFile; fileRef = A08F6BAC2107902A00CAD95B /* AppDelegate.swift */; };
		A08F6BAF2107902A00CAD95B /* MapViewController.swift in Sources */ = {isa = PBXBuildFile; fileRef = A08F6BAE2107902A00CAD95B /* MapViewController.swift */; };
		A08F6BB22107902A00CAD95B /* Main.storyboard in Resources */ = {isa = PBXBuildFile; fileRef = A08F6BB02107902A00CAD95B /* Main.storyboard */; };
		A08F6BB42107902B00CAD95B /* Assets.xcassets in Resources */ = {isa = PBXBuildFile; fileRef = A08F6BB32107902B00CAD95B /* Assets.xcassets */; };
		A08F6BB72107902B00CAD95B /* LaunchScreen.storyboard in Resources */ = {isa = PBXBuildFile; fileRef = A08F6BB52107902B00CAD95B /* LaunchScreen.storyboard */; };
		A08F6BC0210796C100CAD95B /* CoreLocation.framework in Frameworks */ = {isa = PBXBuildFile; fileRef = A08F6BBF210796C100CAD95B /* CoreLocation.framework */; };
		A097BD2C211A5EF6004CC446 /* yelpLogo.png in Resources */ = {isa = PBXBuildFile; fileRef = A0A8987D2113C4590012455D /* yelpLogo.png */; };
		A0A8960E211271EE0012455D /* GoogleMapsExtension.swift in Sources */ = {isa = PBXBuildFile; fileRef = A0A8960D211271EE0012455D /* GoogleMapsExtension.swift */; };
		A0A8961021136E060012455D /* ListViewController.swift in Sources */ = {isa = PBXBuildFile; fileRef = A0A8960F21136E060012455D /* ListViewController.swift */; };
		A0A8961221136EFD0012455D /* ListViewCells.swift in Sources */ = {isa = PBXBuildFile; fileRef = A0A8961121136EFD0012455D /* ListViewCells.swift */; };
		A0A896152113BDA50012455D /* RvParkViewController.swift in Sources */ = {isa = PBXBuildFile; fileRef = A0A896142113BDA50012455D /* RvParkViewController.swift */; };
		A0A8988A2114E2770012455D /* no_pic.png in Resources */ = {isa = PBXBuildFile; fileRef = A0A898892114E2770012455D /* no_pic.png */; };
		FFE7D35FB9C667CBE3EA5854 /* Pods_RvStops.framework in Frameworks */ = {isa = PBXBuildFile; fileRef = BF5A05A44265256344967124 /* Pods_RvStops.framework */; };
/* End PBXBuildFile section */

/* Begin PBXFileReference section */
		6094600B87FDAE43B1919AF5 /* Pods-RvStops.debug.xcconfig */ = {isa = PBXFileReference; includeInIndex = 1; lastKnownFileType = text.xcconfig; name = "Pods-RvStops.debug.xcconfig"; path = "Pods/Target Support Files/Pods-RvStops/Pods-RvStops.debug.xcconfig"; sourceTree = "<group>"; };
		A00D5C4C2118EFB500A46925 /* large_4_half@3x.png */ = {isa = PBXFileReference; lastKnownFileType = image.png; path = "large_4_half@3x.png"; sourceTree = "<group>"; };
		A00D5C4D2118EFB500A46925 /* large_3@3x.png */ = {isa = PBXFileReference; lastKnownFileType = image.png; path = "large_3@3x.png"; sourceTree = "<group>"; };
		A00D5C4E2118EFB500A46925 /* large_1_half@2x.png */ = {isa = PBXFileReference; lastKnownFileType = image.png; path = "large_1_half@2x.png"; sourceTree = "<group>"; };
		A00D5C4F2118EFB500A46925 /* large_1@2x.png */ = {isa = PBXFileReference; lastKnownFileType = image.png; path = "large_1@2x.png"; sourceTree = "<group>"; };
		A00D5C502118EFB500A46925 /* large_3_half.png */ = {isa = PBXFileReference; lastKnownFileType = image.png; path = large_3_half.png; sourceTree = "<group>"; };
		A00D5C512118EFB500A46925 /* large_2_half.png */ = {isa = PBXFileReference; lastKnownFileType = image.png; path = large_2_half.png; sourceTree = "<group>"; };
		A00D5C522118EFB500A46925 /* large_1@3x.png */ = {isa = PBXFileReference; lastKnownFileType = image.png; path = "large_1@3x.png"; sourceTree = "<group>"; };
		A00D5C532118EFB500A46925 /* large_1_half@3x.png */ = {isa = PBXFileReference; lastKnownFileType = image.png; path = "large_1_half@3x.png"; sourceTree = "<group>"; };
		A00D5C542118EFB500A46925 /* large_3@2x.png */ = {isa = PBXFileReference; lastKnownFileType = image.png; path = "large_3@2x.png"; sourceTree = "<group>"; };
		A00D5C552118EFB500A46925 /* large_4_half@2x.png */ = {isa = PBXFileReference; lastKnownFileType = image.png; path = "large_4_half@2x.png"; sourceTree = "<group>"; };
		A00D5C562118EFB500A46925 /* large_2_half@3x.png */ = {isa = PBXFileReference; lastKnownFileType = image.png; path = "large_2_half@3x.png"; sourceTree = "<group>"; };
		A00D5C572118EFB500A46925 /* large_5@3x.png */ = {isa = PBXFileReference; lastKnownFileType = image.png; path = "large_5@3x.png"; sourceTree = "<group>"; };
		A00D5C582118EFB500A46925 /* large_5@2x.png */ = {isa = PBXFileReference; lastKnownFileType = image.png; path = "large_5@2x.png"; sourceTree = "<group>"; };
		A00D5C592118EFB500A46925 /* large_2_half@2x.png */ = {isa = PBXFileReference; lastKnownFileType = image.png; path = "large_2_half@2x.png"; sourceTree = "<group>"; };
		A00D5C5A2118EFB500A46925 /* large_4_half.png */ = {isa = PBXFileReference; lastKnownFileType = image.png; path = large_4_half.png; sourceTree = "<group>"; };
		A00D5C5B2118EFB500A46925 /* large_0@2x.png */ = {isa = PBXFileReference; lastKnownFileType = image.png; path = "large_0@2x.png"; sourceTree = "<group>"; };
		A00D5C5C2118EFB500A46925 /* large_5.png */ = {isa = PBXFileReference; lastKnownFileType = image.png; path = large_5.png; sourceTree = "<group>"; };
		A00D5C5D2118EFB500A46925 /* large_4.png */ = {isa = PBXFileReference; lastKnownFileType = image.png; path = large_4.png; sourceTree = "<group>"; };
		A00D5C5E2118EFB500A46925 /* large_2@3x.png */ = {isa = PBXFileReference; lastKnownFileType = image.png; path = "large_2@3x.png"; sourceTree = "<group>"; };
		A00D5C5F2118EFB500A46925 /* large_1_half.png */ = {isa = PBXFileReference; lastKnownFileType = image.png; path = large_1_half.png; sourceTree = "<group>"; };
		A00D5C602118EFB500A46925 /* large_2@2x.png */ = {isa = PBXFileReference; lastKnownFileType = image.png; path = "large_2@2x.png"; sourceTree = "<group>"; };
		A00D5C612118EFB500A46925 /* large_0.png */ = {isa = PBXFileReference; lastKnownFileType = image.png; path = large_0.png; sourceTree = "<group>"; };
		A00D5C622118EFB500A46925 /* large_1.png */ = {isa = PBXFileReference; lastKnownFileType = image.png; path = large_1.png; sourceTree = "<group>"; };
		A00D5C632118EFB500A46925 /* large_0@3x.png */ = {isa = PBXFileReference; lastKnownFileType = image.png; path = "large_0@3x.png"; sourceTree = "<group>"; };
		A00D5C642118EFB500A46925 /* large_3.png */ = {isa = PBXFileReference; lastKnownFileType = image.png; path = large_3.png; sourceTree = "<group>"; };
		A00D5C652118EFB500A46925 /* large_2.png */ = {isa = PBXFileReference; lastKnownFileType = image.png; path = large_2.png; sourceTree = "<group>"; };
		A00D5C662118EFB500A46925 /* large_4@3x.png */ = {isa = PBXFileReference; lastKnownFileType = image.png; path = "large_4@3x.png"; sourceTree = "<group>"; };
		A00D5C672118EFB500A46925 /* large_3_half@2x.png */ = {isa = PBXFileReference; lastKnownFileType = image.png; path = "large_3_half@2x.png"; sourceTree = "<group>"; };
		A00D5C682118EFB500A46925 /* large_3_half@3x.png */ = {isa = PBXFileReference; lastKnownFileType = image.png; path = "large_3_half@3x.png"; sourceTree = "<group>"; };
		A00D5C692118EFB500A46925 /* large_4@2x.png */ = {isa = PBXFileReference; lastKnownFileType = image.png; path = "large_4@2x.png"; sourceTree = "<group>"; };
		A00D5C6B2118EFB500A46925 /* small_2@2x.png */ = {isa = PBXFileReference; lastKnownFileType = image.png; path = "small_2@2x.png"; sourceTree = "<group>"; };
		A00D5C6C2118EFB500A46925 /* small_0@3x.png */ = {isa = PBXFileReference; lastKnownFileType = image.png; path = "small_0@3x.png"; sourceTree = "<group>"; };
		A00D5C6D2118EFB500A46925 /* small_3_half.png */ = {isa = PBXFileReference; lastKnownFileType = image.png; path = small_3_half.png; sourceTree = "<group>"; };
		A00D5C6E2118EFB500A46925 /* small_2_half.png */ = {isa = PBXFileReference; lastKnownFileType = image.png; path = small_2_half.png; sourceTree = "<group>"; };
		A00D5C6F2118EFB500A46925 /* small_0@2x.png */ = {isa = PBXFileReference; lastKnownFileType = image.png; path = "small_0@2x.png"; sourceTree = "<group>"; };
		A00D5C702118EFB500A46925 /* small_2@3x.png */ = {isa = PBXFileReference; lastKnownFileType = image.png; path = "small_2@3x.png"; sourceTree = "<group>"; };
		A00D5C712118EFB500A46925 /* small_3_half@2x.png */ = {isa = PBXFileReference; lastKnownFileType = image.png; path = "small_3_half@2x.png"; sourceTree = "<group>"; };
		A00D5C722118EFB500A46925 /* small_2.png */ = {isa = PBXFileReference; lastKnownFileType = image.png; path = small_2.png; sourceTree = "<group>"; };
		A00D5C732118EFB500A46925 /* small_4@2x.png */ = {isa = PBXFileReference; lastKnownFileType = image.png; path = "small_4@2x.png"; sourceTree = "<group>"; };
		A00D5C742118EFB500A46925 /* small_3.png */ = {isa = PBXFileReference; lastKnownFileType = image.png; path = small_3.png; sourceTree = "<group>"; };
		A00D5C752118EFB500A46925 /* small_1.png */ = {isa = PBXFileReference; lastKnownFileType = image.png; path = small_1.png; sourceTree = "<group>"; };
		A00D5C762118EFB500A46925 /* small_0.png */ = {isa = PBXFileReference; lastKnownFileType = image.png; path = small_0.png; sourceTree = "<group>"; };
		A00D5C772118EFB500A46925 /* small_4.png */ = {isa = PBXFileReference; lastKnownFileType = image.png; path = small_4.png; sourceTree = "<group>"; };
		A00D5C782118EFB500A46925 /* small_5.png */ = {isa = PBXFileReference; lastKnownFileType = image.png; path = small_5.png; sourceTree = "<group>"; };
		A00D5C792118EFB500A46925 /* small_4@3x.png */ = {isa = PBXFileReference; lastKnownFileType = image.png; path = "small_4@3x.png"; sourceTree = "<group>"; };
		A00D5C7A2118EFB500A46925 /* small_4_half.png */ = {isa = PBXFileReference; lastKnownFileType = image.png; path = small_4_half.png; sourceTree = "<group>"; };
		A00D5C7B2118EFB500A46925 /* small_3_half@3x.png */ = {isa = PBXFileReference; lastKnownFileType = image.png; path = "small_3_half@3x.png"; sourceTree = "<group>"; };
		A00D5C7C2118EFB500A46925 /* small_1@3x.png */ = {isa = PBXFileReference; lastKnownFileType = image.png; path = "small_1@3x.png"; sourceTree = "<group>"; };
		A00D5C7D2118EFB500A46925 /* small_1_half@2x.png */ = {isa = PBXFileReference; lastKnownFileType = image.png; path = "small_1_half@2x.png"; sourceTree = "<group>"; };
		A00D5C7E2118EFB500A46925 /* small_3@2x.png */ = {isa = PBXFileReference; lastKnownFileType = image.png; path = "small_3@2x.png"; sourceTree = "<group>"; };
		A00D5C7F2118EFB500A46925 /* small_4_half@3x.png */ = {isa = PBXFileReference; lastKnownFileType = image.png; path = "small_4_half@3x.png"; sourceTree = "<group>"; };
		A00D5C802118EFB500A46925 /* small_1_half.png */ = {isa = PBXFileReference; lastKnownFileType = image.png; path = small_1_half.png; sourceTree = "<group>"; };
		A00D5C812118EFB500A46925 /* small_4_half@2x.png */ = {isa = PBXFileReference; lastKnownFileType = image.png; path = "small_4_half@2x.png"; sourceTree = "<group>"; };
		A00D5C822118EFB500A46925 /* small_3@3x.png */ = {isa = PBXFileReference; lastKnownFileType = image.png; path = "small_3@3x.png"; sourceTree = "<group>"; };
		A00D5C832118EFB500A46925 /* small_1_half@3x.png */ = {isa = PBXFileReference; lastKnownFileType = image.png; path = "small_1_half@3x.png"; sourceTree = "<group>"; };
		A00D5C842118EFB500A46925 /* small_1@2x.png */ = {isa = PBXFileReference; lastKnownFileType = image.png; path = "small_1@2x.png"; sourceTree = "<group>"; };
		A00D5C852118EFB500A46925 /* small_2_half@3x.png */ = {isa = PBXFileReference; lastKnownFileType = image.png; path = "small_2_half@3x.png"; sourceTree = "<group>"; };
		A00D5C862118EFB500A46925 /* small_5@2x.png */ = {isa = PBXFileReference; lastKnownFileType = image.png; path = "small_5@2x.png"; sourceTree = "<group>"; };
		A00D5C872118EFB500A46925 /* small_5@3x.png */ = {isa = PBXFileReference; lastKnownFileType = image.png; path = "small_5@3x.png"; sourceTree = "<group>"; };
		A00D5C882118EFB500A46925 /* small_2_half@2x.png */ = {isa = PBXFileReference; lastKnownFileType = image.png; path = "small_2_half@2x.png"; sourceTree = "<group>"; };
		A00D5C8A2118EFB500A46925 /* extra_large_2@2x.png */ = {isa = PBXFileReference; lastKnownFileType = image.png; path = "extra_large_2@2x.png"; sourceTree = "<group>"; };
		A00D5C8B2118EFB500A46925 /* extra_large_0@3x.png */ = {isa = PBXFileReference; lastKnownFileType = image.png; path = "extra_large_0@3x.png"; sourceTree = "<group>"; };
		A00D5C8C2118EFB500A46925 /* extra_large_3_half.png */ = {isa = PBXFileReference; lastKnownFileType = image.png; path = extra_large_3_half.png; sourceTree = "<group>"; };
		A00D5C8D2118EFB500A46925 /* extra_large_2_half.png */ = {isa = PBXFileReference; lastKnownFileType = image.png; path = extra_large_2_half.png; sourceTree = "<group>"; };
		A00D5C8E2118EFB500A46925 /* extra_large_0@2x.png */ = {isa = PBXFileReference; lastKnownFileType = image.png; path = "extra_large_0@2x.png"; sourceTree = "<group>"; };
		A00D5C8F2118EFB500A46925 /* extra_large_2@3x.png */ = {isa = PBXFileReference; lastKnownFileType = image.png; path = "extra_large_2@3x.png"; sourceTree = "<group>"; };
		A00D5C902118EFB500A46925 /* extra_large_4_half.png */ = {isa = PBXFileReference; lastKnownFileType = image.png; path = extra_large_4_half.png; sourceTree = "<group>"; };
		A00D5C912118EFB500A46925 /* extra_large_5.png */ = {isa = PBXFileReference; lastKnownFileType = image.png; path = extra_large_5.png; sourceTree = "<group>"; };
		A00D5C922118EFB500A46925 /* extra_large_4.png */ = {isa = PBXFileReference; lastKnownFileType = image.png; path = extra_large_4.png; sourceTree = "<group>"; };
		A00D5C932118EFB500A46925 /* extra_large_4@2x.png */ = {isa = PBXFileReference; lastKnownFileType = image.png; path = "extra_large_4@2x.png"; sourceTree = "<group>"; };
		A00D5C942118EFB500A46925 /* extra_large_3_half@2x.png */ = {isa = PBXFileReference; lastKnownFileType = image.png; path = "extra_large_3_half@2x.png"; sourceTree = "<group>"; };
		A00D5C952118EFB500A46925 /* extra_large_3.png */ = {isa = PBXFileReference; lastKnownFileType = image.png; path = extra_large_3.png; sourceTree = "<group>"; };
		A00D5C962118EFB500A46925 /* extra_large_2.png */ = {isa = PBXFileReference; lastKnownFileType = image.png; path = extra_large_2.png; sourceTree = "<group>"; };
		A00D5C972118EFB500A46925 /* extra_large_3_half@3x.png */ = {isa = PBXFileReference; lastKnownFileType = image.png; path = "extra_large_3_half@3x.png"; sourceTree = "<group>"; };
		A00D5C982118EFB500A46925 /* extra_large_4@3x.png */ = {isa = PBXFileReference; lastKnownFileType = image.png; path = "extra_large_4@3x.png"; sourceTree = "<group>"; };
		A00D5C992118EFB500A46925 /* extra_large_0.png */ = {isa = PBXFileReference; lastKnownFileType = image.png; path = extra_large_0.png; sourceTree = "<group>"; };
		A00D5C9A2118EFB500A46925 /* extra_large_1.png */ = {isa = PBXFileReference; lastKnownFileType = image.png; path = extra_large_1.png; sourceTree = "<group>"; };
		A00D5C9B2118EFB500A46925 /* extra_large_1@3x.png */ = {isa = PBXFileReference; lastKnownFileType = image.png; path = "extra_large_1@3x.png"; sourceTree = "<group>"; };
		A00D5C9C2118EFB500A46925 /* extra_large_3@2x.png */ = {isa = PBXFileReference; lastKnownFileType = image.png; path = "extra_large_3@2x.png"; sourceTree = "<group>"; };
		A00D5C9D2118EFB500A46925 /* extra_large_1_half.png */ = {isa = PBXFileReference; lastKnownFileType = image.png; path = extra_large_1_half.png; sourceTree = "<group>"; };
		A00D5C9E2118EFB500A46925 /* extra_large_1_half@2x.png */ = {isa = PBXFileReference; lastKnownFileType = image.png; path = "extra_large_1_half@2x.png"; sourceTree = "<group>"; };
		A00D5C9F2118EFB500A46925 /* extra_large_4_half@3x.png */ = {isa = PBXFileReference; lastKnownFileType = image.png; path = "extra_large_4_half@3x.png"; sourceTree = "<group>"; };
		A00D5CA02118EFB500A46925 /* extra_large_4_half@2x.png */ = {isa = PBXFileReference; lastKnownFileType = image.png; path = "extra_large_4_half@2x.png"; sourceTree = "<group>"; };
		A00D5CA12118EFB500A46925 /* extra_large_1_half@3x.png */ = {isa = PBXFileReference; lastKnownFileType = image.png; path = "extra_large_1_half@3x.png"; sourceTree = "<group>"; };
		A00D5CA22118EFB500A46925 /* extra_large_3@3x.png */ = {isa = PBXFileReference; lastKnownFileType = image.png; path = "extra_large_3@3x.png"; sourceTree = "<group>"; };
		A00D5CA32118EFB500A46925 /* extra_large_1@2x.png */ = {isa = PBXFileReference; lastKnownFileType = image.png; path = "extra_large_1@2x.png"; sourceTree = "<group>"; };
		A00D5CA42118EFB500A46925 /* extra_large_5@2x.png */ = {isa = PBXFileReference; lastKnownFileType = image.png; path = "extra_large_5@2x.png"; sourceTree = "<group>"; };
		A00D5CA52118EFB500A46925 /* extra_large_2_half@3x.png */ = {isa = PBXFileReference; lastKnownFileType = image.png; path = "extra_large_2_half@3x.png"; sourceTree = "<group>"; };
		A00D5CA62118EFB500A46925 /* extra_large_2_half@2x.png */ = {isa = PBXFileReference; lastKnownFileType = image.png; path = "extra_large_2_half@2x.png"; sourceTree = "<group>"; };
		A00D5CA72118EFB500A46925 /* extra_large_5@3x.png */ = {isa = PBXFileReference; lastKnownFileType = image.png; path = "extra_large_5@3x.png"; sourceTree = "<group>"; };
		A00D5CA92118EFB500A46925 /* regular_3_half@3x.png */ = {isa = PBXFileReference; lastKnownFileType = image.png; path = "regular_3_half@3x.png"; sourceTree = "<group>"; };
		A00D5CAA2118EFB500A46925 /* regular_4@3x.png */ = {isa = PBXFileReference; lastKnownFileType = image.png; path = "regular_4@3x.png"; sourceTree = "<group>"; };
		A00D5CAB2118EFB500A46925 /* regular_4@2x.png */ = {isa = PBXFileReference; lastKnownFileType = image.png; path = "regular_4@2x.png"; sourceTree = "<group>"; };
		A00D5CAC2118EFB500A46925 /* regular_1_half.png */ = {isa = PBXFileReference; lastKnownFileType = image.png; path = regular_1_half.png; sourceTree = "<group>"; };
		A00D5CAD2118EFB500A46925 /* regular_3_half@2x.png */ = {isa = PBXFileReference; lastKnownFileType = image.png; path = "regular_3_half@2x.png"; sourceTree = "<group>"; };
		A00D5CAE2118EFB500A46925 /* regular_2@3x.png */ = {isa = PBXFileReference; lastKnownFileType = image.png; path = "regular_2@3x.png"; sourceTree = "<group>"; };
		A00D5CAF2118EFB500A46925 /* regular_0@2x.png */ = {isa = PBXFileReference; lastKnownFileType = image.png; path = "regular_0@2x.png"; sourceTree = "<group>"; };
		A00D5CB02118EFB500A46925 /* regular_0@3x.png */ = {isa = PBXFileReference; lastKnownFileType = image.png; path = "regular_0@3x.png"; sourceTree = "<group>"; };
		A00D5CB12118EFB500A46925 /* regular_2@2x.png */ = {isa = PBXFileReference; lastKnownFileType = image.png; path = "regular_2@2x.png"; sourceTree = "<group>"; };
		A00D5CB22118EFB500A46925 /* regular_5@3x.png */ = {isa = PBXFileReference; lastKnownFileType = image.png; path = "regular_5@3x.png"; sourceTree = "<group>"; };
		A00D5CB32118EFB500A46925 /* regular_3_half.png */ = {isa = PBXFileReference; lastKnownFileType = image.png; path = regular_3_half.png; sourceTree = "<group>"; };
		A00D5CB42118EFB500A46925 /* regular_2_half.png */ = {isa = PBXFileReference; lastKnownFileType = image.png; path = regular_2_half.png; sourceTree = "<group>"; };
		A00D5CB52118EFB500A46925 /* regular_2_half@2x.png */ = {isa = PBXFileReference; lastKnownFileType = image.png; path = "regular_2_half@2x.png"; sourceTree = "<group>"; };
		A00D5CB62118EFB600A46925 /* regular_2_half@3x.png */ = {isa = PBXFileReference; lastKnownFileType = image.png; path = "regular_2_half@3x.png"; sourceTree = "<group>"; };
		A00D5CB72118EFB600A46925 /* regular_5@2x.png */ = {isa = PBXFileReference; lastKnownFileType = image.png; path = "regular_5@2x.png"; sourceTree = "<group>"; };
		A00D5CB82118EFB600A46925 /* regular_5.png */ = {isa = PBXFileReference; lastKnownFileType = image.png; path = regular_5.png; sourceTree = "<group>"; };
		A00D5CB92118EFB600A46925 /* regular_4_half@2x.png */ = {isa = PBXFileReference; lastKnownFileType = image.png; path = "regular_4_half@2x.png"; sourceTree = "<group>"; };
		A00D5CBA2118EFB600A46925 /* regular_4.png */ = {isa = PBXFileReference; lastKnownFileType = image.png; path = regular_4.png; sourceTree = "<group>"; };
		A00D5CBB2118EFB600A46925 /* regular_1_half@3x.png */ = {isa = PBXFileReference; lastKnownFileType = image.png; path = "regular_1_half@3x.png"; sourceTree = "<group>"; };
		A00D5CBC2118EFB600A46925 /* regular_1@2x.png */ = {isa = PBXFileReference; lastKnownFileType = image.png; path = "regular_1@2x.png"; sourceTree = "<group>"; };
		A00D5CBD2118EFB600A46925 /* regular_3@3x.png */ = {isa = PBXFileReference; lastKnownFileType = image.png; path = "regular_3@3x.png"; sourceTree = "<group>"; };
		A00D5CBE2118EFB600A46925 /* regular_3.png */ = {isa = PBXFileReference; lastKnownFileType = image.png; path = regular_3.png; sourceTree = "<group>"; };
		A00D5CBF2118EFB600A46925 /* regular_3@2x.png */ = {isa = PBXFileReference; lastKnownFileType = image.png; path = "regular_3@2x.png"; sourceTree = "<group>"; };
		A00D5CC02118EFB600A46925 /* regular_4_half.png */ = {isa = PBXFileReference; lastKnownFileType = image.png; path = regular_4_half.png; sourceTree = "<group>"; };
		A00D5CC12118EFB600A46925 /* regular_2.png */ = {isa = PBXFileReference; lastKnownFileType = image.png; path = regular_2.png; sourceTree = "<group>"; };
		A00D5CC22118EFB600A46925 /* regular_1@3x.png */ = {isa = PBXFileReference; lastKnownFileType = image.png; path = "regular_1@3x.png"; sourceTree = "<group>"; };
		A00D5CC32118EFB600A46925 /* regular_0.png */ = {isa = PBXFileReference; lastKnownFileType = image.png; path = regular_0.png; sourceTree = "<group>"; };
		A00D5CC42118EFB600A46925 /* regular_1_half@2x.png */ = {isa = PBXFileReference; lastKnownFileType = image.png; path = "regular_1_half@2x.png"; sourceTree = "<group>"; };
		A00D5CC52118EFB600A46925 /* regular_4_half@3x.png */ = {isa = PBXFileReference; lastKnownFileType = image.png; path = "regular_4_half@3x.png"; sourceTree = "<group>"; };
		A00D5CC62118EFB600A46925 /* regular_1.png */ = {isa = PBXFileReference; lastKnownFileType = image.png; path = regular_1.png; sourceTree = "<group>"; };
		A0134D57210A363800A18853 /* RVpark.swift */ = {isa = PBXFileReference; lastKnownFileType = sourcecode.swift; path = RVpark.swift; sourceTree = "<group>"; };
		A01ECF7E211115AD0002E325 /* RouteAnnotation.swift */ = {isa = PBXFileReference; lastKnownFileType = sourcecode.swift; path = RouteAnnotation.swift; sourceTree = "<group>"; };
		A08F6BA92107902A00CAD95B /* RvStops.app */ = {isa = PBXFileReference; explicitFileType = wrapper.application; includeInIndex = 0; path = RvStops.app; sourceTree = BUILT_PRODUCTS_DIR; };
		A08F6BAC2107902A00CAD95B /* AppDelegate.swift */ = {isa = PBXFileReference; lastKnownFileType = sourcecode.swift; path = AppDelegate.swift; sourceTree = "<group>"; };
		A08F6BAE2107902A00CAD95B /* MapViewController.swift */ = {isa = PBXFileReference; lastKnownFileType = sourcecode.swift; path = MapViewController.swift; sourceTree = "<group>"; };
		A08F6BB12107902A00CAD95B /* Base */ = {isa = PBXFileReference; lastKnownFileType = file.storyboard; name = Base; path = Base.lproj/Main.storyboard; sourceTree = "<group>"; };
		A08F6BB32107902B00CAD95B /* Assets.xcassets */ = {isa = PBXFileReference; lastKnownFileType = folder.assetcatalog; path = Assets.xcassets; sourceTree = "<group>"; };
		A08F6BB62107902B00CAD95B /* Base */ = {isa = PBXFileReference; lastKnownFileType = file.storyboard; name = Base; path = Base.lproj/LaunchScreen.storyboard; sourceTree = "<group>"; };
		A08F6BB82107902B00CAD95B /* Info.plist */ = {isa = PBXFileReference; lastKnownFileType = text.plist.xml; path = Info.plist; sourceTree = "<group>"; };
		A08F6BBF210796C100CAD95B /* CoreLocation.framework */ = {isa = PBXFileReference; lastKnownFileType = wrapper.framework; name = CoreLocation.framework; path = System/Library/Frameworks/CoreLocation.framework; sourceTree = SDKROOT; };
		A0A8960D211271EE0012455D /* GoogleMapsExtension.swift */ = {isa = PBXFileReference; lastKnownFileType = sourcecode.swift; path = GoogleMapsExtension.swift; sourceTree = "<group>"; };
		A0A8960F21136E060012455D /* ListViewController.swift */ = {isa = PBXFileReference; lastKnownFileType = sourcecode.swift; path = ListViewController.swift; sourceTree = "<group>"; };
		A0A8961121136EFD0012455D /* ListViewCells.swift */ = {isa = PBXFileReference; lastKnownFileType = sourcecode.swift; path = ListViewCells.swift; sourceTree = "<group>"; };
		A0A896142113BDA50012455D /* RvParkViewController.swift */ = {isa = PBXFileReference; lastKnownFileType = sourcecode.swift; path = RvParkViewController.swift; sourceTree = "<group>"; };
		A0A8987D2113C4590012455D /* yelpLogo.png */ = {isa = PBXFileReference; lastKnownFileType = image.png; path = yelpLogo.png; sourceTree = "<group>"; };
		A0A898892114E2770012455D /* no_pic.png */ = {isa = PBXFileReference; lastKnownFileType = image.png; name = no_pic.png; path = ../../../no_pic.png; sourceTree = "<group>"; };
		A50C0DEEA4E0004558600511 /* Pods-RvStops.release.xcconfig */ = {isa = PBXFileReference; includeInIndex = 1; lastKnownFileType = text.xcconfig; name = "Pods-RvStops.release.xcconfig"; path = "Pods/Target Support Files/Pods-RvStops/Pods-RvStops.release.xcconfig"; sourceTree = "<group>"; };
		BF5A05A44265256344967124 /* Pods_RvStops.framework */ = {isa = PBXFileReference; explicitFileType = wrapper.framework; includeInIndex = 0; path = Pods_RvStops.framework; sourceTree = BUILT_PRODUCTS_DIR; };
/* End PBXFileReference section */

/* Begin PBXFrameworksBuildPhase section */
		A08F6BA62107902A00CAD95B /* Frameworks */ = {
			isa = PBXFrameworksBuildPhase;
			buildActionMask = 2147483647;
			files = (
				A08F6BC0210796C100CAD95B /* CoreLocation.framework in Frameworks */,
				FFE7D35FB9C667CBE3EA5854 /* Pods_RvStops.framework in Frameworks */,
			);
			runOnlyForDeploymentPostprocessing = 0;
		};
/* End PBXFrameworksBuildPhase section */

/* Begin PBXGroup section */
		A00D5C492118EFB500A46925 /* yelp_stars */ = {
			isa = PBXGroup;
			children = (
				A00D5C4A2118EFB500A46925 /* web_and_ios */,
			);
			name = yelp_stars;
			path = ../../../../Downloads/yelp_stars;
			sourceTree = "<group>";
		};
		A00D5C4A2118EFB500A46925 /* web_and_ios */ = {
			isa = PBXGroup;
			children = (
				A00D5C4B2118EFB500A46925 /* large */,
				A00D5C6A2118EFB500A46925 /* small */,
				A00D5C892118EFB500A46925 /* extra_large */,
				A00D5CA82118EFB500A46925 /* regular */,
			);
			path = web_and_ios;
			sourceTree = "<group>";
		};
		A00D5C4B2118EFB500A46925 /* large */ = {
			isa = PBXGroup;
			children = (
				A00D5C4C2118EFB500A46925 /* large_4_half@3x.png */,
				A00D5C4D2118EFB500A46925 /* large_3@3x.png */,
				A00D5C4E2118EFB500A46925 /* large_1_half@2x.png */,
				A00D5C4F2118EFB500A46925 /* large_1@2x.png */,
				A00D5C502118EFB500A46925 /* large_3_half.png */,
				A00D5C512118EFB500A46925 /* large_2_half.png */,
				A00D5C522118EFB500A46925 /* large_1@3x.png */,
				A00D5C532118EFB500A46925 /* large_1_half@3x.png */,
				A00D5C542118EFB500A46925 /* large_3@2x.png */,
				A00D5C552118EFB500A46925 /* large_4_half@2x.png */,
				A00D5C562118EFB500A46925 /* large_2_half@3x.png */,
				A00D5C572118EFB500A46925 /* large_5@3x.png */,
				A00D5C582118EFB500A46925 /* large_5@2x.png */,
				A00D5C592118EFB500A46925 /* large_2_half@2x.png */,
				A00D5C5A2118EFB500A46925 /* large_4_half.png */,
				A00D5C5B2118EFB500A46925 /* large_0@2x.png */,
				A00D5C5C2118EFB500A46925 /* large_5.png */,
				A00D5C5D2118EFB500A46925 /* large_4.png */,
				A00D5C5E2118EFB500A46925 /* large_2@3x.png */,
				A00D5C5F2118EFB500A46925 /* large_1_half.png */,
				A00D5C602118EFB500A46925 /* large_2@2x.png */,
				A00D5C612118EFB500A46925 /* large_0.png */,
				A00D5C622118EFB500A46925 /* large_1.png */,
				A00D5C632118EFB500A46925 /* large_0@3x.png */,
				A00D5C642118EFB500A46925 /* large_3.png */,
				A00D5C652118EFB500A46925 /* large_2.png */,
				A00D5C662118EFB500A46925 /* large_4@3x.png */,
				A00D5C672118EFB500A46925 /* large_3_half@2x.png */,
				A00D5C682118EFB500A46925 /* large_3_half@3x.png */,
				A00D5C692118EFB500A46925 /* large_4@2x.png */,
			);
			path = large;
			sourceTree = "<group>";
		};
		A00D5C6A2118EFB500A46925 /* small */ = {
			isa = PBXGroup;
			children = (
				A00D5C6B2118EFB500A46925 /* small_2@2x.png */,
				A00D5C6C2118EFB500A46925 /* small_0@3x.png */,
				A00D5C6D2118EFB500A46925 /* small_3_half.png */,
				A00D5C6E2118EFB500A46925 /* small_2_half.png */,
				A00D5C6F2118EFB500A46925 /* small_0@2x.png */,
				A00D5C702118EFB500A46925 /* small_2@3x.png */,
				A00D5C712118EFB500A46925 /* small_3_half@2x.png */,
				A00D5C722118EFB500A46925 /* small_2.png */,
				A00D5C732118EFB500A46925 /* small_4@2x.png */,
				A00D5C742118EFB500A46925 /* small_3.png */,
				A00D5C752118EFB500A46925 /* small_1.png */,
				A00D5C762118EFB500A46925 /* small_0.png */,
				A00D5C772118EFB500A46925 /* small_4.png */,
				A00D5C782118EFB500A46925 /* small_5.png */,
				A00D5C792118EFB500A46925 /* small_4@3x.png */,
				A00D5C7A2118EFB500A46925 /* small_4_half.png */,
				A00D5C7B2118EFB500A46925 /* small_3_half@3x.png */,
				A00D5C7C2118EFB500A46925 /* small_1@3x.png */,
				A00D5C7D2118EFB500A46925 /* small_1_half@2x.png */,
				A00D5C7E2118EFB500A46925 /* small_3@2x.png */,
				A00D5C7F2118EFB500A46925 /* small_4_half@3x.png */,
				A00D5C802118EFB500A46925 /* small_1_half.png */,
				A00D5C812118EFB500A46925 /* small_4_half@2x.png */,
				A00D5C822118EFB500A46925 /* small_3@3x.png */,
				A00D5C832118EFB500A46925 /* small_1_half@3x.png */,
				A00D5C842118EFB500A46925 /* small_1@2x.png */,
				A00D5C852118EFB500A46925 /* small_2_half@3x.png */,
				A00D5C862118EFB500A46925 /* small_5@2x.png */,
				A00D5C872118EFB500A46925 /* small_5@3x.png */,
				A00D5C882118EFB500A46925 /* small_2_half@2x.png */,
			);
			path = small;
			sourceTree = "<group>";
		};
		A00D5C892118EFB500A46925 /* extra_large */ = {
			isa = PBXGroup;
			children = (
				A00D5C8A2118EFB500A46925 /* extra_large_2@2x.png */,
				A00D5C8B2118EFB500A46925 /* extra_large_0@3x.png */,
				A00D5C8C2118EFB500A46925 /* extra_large_3_half.png */,
				A00D5C8D2118EFB500A46925 /* extra_large_2_half.png */,
				A00D5C8E2118EFB500A46925 /* extra_large_0@2x.png */,
				A00D5C8F2118EFB500A46925 /* extra_large_2@3x.png */,
				A00D5C902118EFB500A46925 /* extra_large_4_half.png */,
				A00D5C912118EFB500A46925 /* extra_large_5.png */,
				A00D5C922118EFB500A46925 /* extra_large_4.png */,
				A00D5C932118EFB500A46925 /* extra_large_4@2x.png */,
				A00D5C942118EFB500A46925 /* extra_large_3_half@2x.png */,
				A00D5C952118EFB500A46925 /* extra_large_3.png */,
				A00D5C962118EFB500A46925 /* extra_large_2.png */,
				A00D5C972118EFB500A46925 /* extra_large_3_half@3x.png */,
				A00D5C982118EFB500A46925 /* extra_large_4@3x.png */,
				A00D5C992118EFB500A46925 /* extra_large_0.png */,
				A00D5C9A2118EFB500A46925 /* extra_large_1.png */,
				A00D5C9B2118EFB500A46925 /* extra_large_1@3x.png */,
				A00D5C9C2118EFB500A46925 /* extra_large_3@2x.png */,
				A00D5C9D2118EFB500A46925 /* extra_large_1_half.png */,
				A00D5C9E2118EFB500A46925 /* extra_large_1_half@2x.png */,
				A00D5C9F2118EFB500A46925 /* extra_large_4_half@3x.png */,
				A00D5CA02118EFB500A46925 /* extra_large_4_half@2x.png */,
				A00D5CA12118EFB500A46925 /* extra_large_1_half@3x.png */,
				A00D5CA22118EFB500A46925 /* extra_large_3@3x.png */,
				A00D5CA32118EFB500A46925 /* extra_large_1@2x.png */,
				A00D5CA42118EFB500A46925 /* extra_large_5@2x.png */,
				A00D5CA52118EFB500A46925 /* extra_large_2_half@3x.png */,
				A00D5CA62118EFB500A46925 /* extra_large_2_half@2x.png */,
				A00D5CA72118EFB500A46925 /* extra_large_5@3x.png */,
			);
			path = extra_large;
			sourceTree = "<group>";
		};
		A00D5CA82118EFB500A46925 /* regular */ = {
			isa = PBXGroup;
			children = (
				A00D5CA92118EFB500A46925 /* regular_3_half@3x.png */,
				A00D5CAA2118EFB500A46925 /* regular_4@3x.png */,
				A00D5CAB2118EFB500A46925 /* regular_4@2x.png */,
				A00D5CAC2118EFB500A46925 /* regular_1_half.png */,
				A00D5CAD2118EFB500A46925 /* regular_3_half@2x.png */,
				A00D5CAE2118EFB500A46925 /* regular_2@3x.png */,
				A00D5CAF2118EFB500A46925 /* regular_0@2x.png */,
				A00D5CB02118EFB500A46925 /* regular_0@3x.png */,
				A00D5CB12118EFB500A46925 /* regular_2@2x.png */,
				A00D5CB22118EFB500A46925 /* regular_5@3x.png */,
				A00D5CB32118EFB500A46925 /* regular_3_half.png */,
				A00D5CB42118EFB500A46925 /* regular_2_half.png */,
				A00D5CB52118EFB500A46925 /* regular_2_half@2x.png */,
				A00D5CB62118EFB600A46925 /* regular_2_half@3x.png */,
				A00D5CB72118EFB600A46925 /* regular_5@2x.png */,
				A00D5CB82118EFB600A46925 /* regular_5.png */,
				A00D5CB92118EFB600A46925 /* regular_4_half@2x.png */,
				A00D5CBA2118EFB600A46925 /* regular_4.png */,
				A00D5CBB2118EFB600A46925 /* regular_1_half@3x.png */,
				A00D5CBC2118EFB600A46925 /* regular_1@2x.png */,
				A00D5CBD2118EFB600A46925 /* regular_3@3x.png */,
				A00D5CBE2118EFB600A46925 /* regular_3.png */,
				A00D5CBF2118EFB600A46925 /* regular_3@2x.png */,
				A00D5CC02118EFB600A46925 /* regular_4_half.png */,
				A00D5CC12118EFB600A46925 /* regular_2.png */,
				A00D5CC22118EFB600A46925 /* regular_1@3x.png */,
				A00D5CC32118EFB600A46925 /* regular_0.png */,
				A00D5CC42118EFB600A46925 /* regular_1_half@2x.png */,
				A00D5CC52118EFB600A46925 /* regular_4_half@3x.png */,
				A00D5CC62118EFB600A46925 /* regular_1.png */,
			);
			path = regular;
			sourceTree = "<group>";
		};
		A08F6BA02107902A00CAD95B = {
			isa = PBXGroup;
			children = (
				A08F6BAB2107902A00CAD95B /* RvStops */,
				A08F6BAA2107902A00CAD95B /* Products */,
				A0A896162113C4350012455D /* Photos */,
				A08F6BBE210796C000CAD95B /* Frameworks */,
				EAB300B54453FA034AA5BCCE /* Pods */,
			);
			sourceTree = "<group>";
		};
		A08F6BAA2107902A00CAD95B /* Products */ = {
			isa = PBXGroup;
			children = (
				A08F6BA92107902A00CAD95B /* RvStops.app */,
			);
			name = Products;
			sourceTree = "<group>";
		};
		A08F6BAB2107902A00CAD95B /* RvStops */ = {
			isa = PBXGroup;
			children = (
				A0A896132113745F0012455D /* Cells */,
				A0A8960C211271D60012455D /* Extensions */,
				A0A8960B211220DD0012455D /* Pins */,
				A0A8960A211220C80012455D /* Controllers */,
				A08F6BAC2107902A00CAD95B /* AppDelegate.swift */,
				A08F6BB02107902A00CAD95B /* Main.storyboard */,
				A08F6BB32107902B00CAD95B /* Assets.xcassets */,
				A08F6BB52107902B00CAD95B /* LaunchScreen.storyboard */,
				A08F6BB82107902B00CAD95B /* Info.plist */,
				A0134D57210A363800A18853 /* RVpark.swift */,
			);
			path = RvStops;
			sourceTree = "<group>";
		};
		A08F6BBE210796C000CAD95B /* Frameworks */ = {
			isa = PBXGroup;
			children = (
				A08F6BBF210796C100CAD95B /* CoreLocation.framework */,
				BF5A05A44265256344967124 /* Pods_RvStops.framework */,
			);
			name = Frameworks;
			sourceTree = "<group>";
		};
		A0A8960A211220C80012455D /* Controllers */ = {
			isa = PBXGroup;
			children = (
				A08F6BAE2107902A00CAD95B /* MapViewController.swift */,
				A0A8960F21136E060012455D /* ListViewController.swift */,
				A0A896142113BDA50012455D /* RvParkViewController.swift */,
			);
			path = Controllers;
			sourceTree = "<group>";
		};
		A0A8960B211220DD0012455D /* Pins */ = {
			isa = PBXGroup;
			children = (
				A01ECF7E211115AD0002E325 /* RouteAnnotation.swift */,
			);
			path = Pins;
			sourceTree = "<group>";
		};
		A0A8960C211271D60012455D /* Extensions */ = {
			isa = PBXGroup;
			children = (
				A0A8960D211271EE0012455D /* GoogleMapsExtension.swift */,
			);
			path = Extensions;
			sourceTree = "<group>";
		};
		A0A896132113745F0012455D /* Cells */ = {
			isa = PBXGroup;
			children = (
				A0A8961121136EFD0012455D /* ListViewCells.swift */,
			);
			path = Cells;
			sourceTree = "<group>";
		};
		A0A896162113C4350012455D /* Photos */ = {
			isa = PBXGroup;
			children = (
				A0A8987D2113C4590012455D /* yelpLogo.png */,
				A00D5C492118EFB500A46925 /* yelp_stars */,
				A0A898892114E2770012455D /* no_pic.png */,
			);
			path = Photos;
			sourceTree = "<group>";
		};
		EAB300B54453FA034AA5BCCE /* Pods */ = {
			isa = PBXGroup;
			children = (
				6094600B87FDAE43B1919AF5 /* Pods-RvStops.debug.xcconfig */,
				A50C0DEEA4E0004558600511 /* Pods-RvStops.release.xcconfig */,
			);
			name = Pods;
			sourceTree = "<group>";
		};
/* End PBXGroup section */

/* Begin PBXNativeTarget section */
		A08F6BA82107902A00CAD95B /* RvStops */ = {
			isa = PBXNativeTarget;
			buildConfigurationList = A08F6BBB2107902B00CAD95B /* Build configuration list for PBXNativeTarget "RvStops" */;
			buildPhases = (
				FD35D0A51C4DBE2469264544 /* [CP] Check Pods Manifest.lock */,
				A08F6BA52107902A00CAD95B /* Sources */,
				A08F6BA62107902A00CAD95B /* Frameworks */,
				A08F6BA72107902A00CAD95B /* Resources */,
				ED307D6B07C59C43DCA2C6B8 /* [CP] Embed Pods Frameworks */,
				6919B8B41B5B2E66039B1D71 /* [CP] Copy Pods Resources */,
			);
			buildRules = (
			);
			dependencies = (
			);
			name = RvStops;
			productName = RvStops;
			productReference = A08F6BA92107902A00CAD95B /* RvStops.app */;
			productType = "com.apple.product-type.application";
		};
/* End PBXNativeTarget section */

/* Begin PBXProject section */
		A08F6BA12107902A00CAD95B /* Project object */ = {
			isa = PBXProject;
			attributes = {
				LastSwiftUpdateCheck = 0940;
				LastUpgradeCheck = 0940;
				ORGANIZATIONNAME = "Anna Grace";
				TargetAttributes = {
					A08F6BA82107902A00CAD95B = {
						CreatedOnToolsVersion = 9.4.1;
					};
				};
			};
			buildConfigurationList = A08F6BA42107902A00CAD95B /* Build configuration list for PBXProject "RvStops" */;
			compatibilityVersion = "Xcode 9.3";
			developmentRegion = en;
			hasScannedForEncodings = 0;
			knownRegions = (
				en,
				Base,
			);
			mainGroup = A08F6BA02107902A00CAD95B;
			productRefGroup = A08F6BAA2107902A00CAD95B /* Products */;
			projectDirPath = "";
			projectRoot = "";
			targets = (
				A08F6BA82107902A00CAD95B /* RvStops */,
			);
		};
/* End PBXProject section */

/* Begin PBXResourcesBuildPhase section */
		A08F6BA72107902A00CAD95B /* Resources */ = {
			isa = PBXResourcesBuildPhase;
			buildActionMask = 2147483647;
			files = (
				A08F6BB72107902B00CAD95B /* LaunchScreen.storyboard in Resources */,
				A00D5DCB2118EFB600A46925 /* extra_large_1_half.png in Resources */,
				A00D5DF32118EFB600A46925 /* regular_1.png in Resources */,
				A00D5DA82118EFB600A46925 /* small_4@3x.png in Resources */,
				A00D5D822118EFB600A46925 /* large_1@3x.png in Resources */,
				A00D5DD52118EFB600A46925 /* extra_large_5@3x.png in Resources */,
				A00D5D8A2118EFB600A46925 /* large_4_half.png in Resources */,
				A00D5DB52118EFB600A46925 /* small_5@2x.png in Resources */,
				A00D5DC52118EFB600A46925 /* extra_large_3_half@3x.png in Resources */,
				A00D5D992118EFB600A46925 /* large_4@2x.png in Resources */,
				A00D5DE42118EFB600A46925 /* regular_5@2x.png in Resources */,
				A00D5DEE2118EFB600A46925 /* regular_2.png in Resources */,
				A00D5D7E2118EFB600A46925 /* large_1_half@2x.png in Resources */,
				A00D5DB92118EFB600A46925 /* extra_large_0@3x.png in Resources */,
				A00D5DA62118EFB600A46925 /* small_4.png in Resources */,
				A00D5DE12118EFB600A46925 /* regular_2_half.png in Resources */,
				A00D5D942118EFB600A46925 /* large_3.png in Resources */,
				A00D5DC12118EFB600A46925 /* extra_large_4@2x.png in Resources */,
				A00D5DD62118EFB600A46925 /* regular_3_half@3x.png in Resources */,
				A00D5DAE2118EFB600A46925 /* small_4_half@3x.png in Resources */,
				A00D5D8D2118EFB600A46925 /* large_4.png in Resources */,
				A08F6BB42107902B00CAD95B /* Assets.xcassets in Resources */,
				A00D5DAA2118EFB600A46925 /* small_3_half@3x.png in Resources */,
				A00D5DF22118EFB600A46925 /* regular_4_half@3x.png in Resources */,
				A00D5D972118EFB600A46925 /* large_3_half@2x.png in Resources */,
				A00D5DC72118EFB600A46925 /* extra_large_0.png in Resources */,
				A00D5DAC2118EFB600A46925 /* small_1_half@2x.png in Resources */,
				A00D5DEA2118EFB600A46925 /* regular_3@3x.png in Resources */,
				A00D5DC82118EFB600A46925 /* extra_large_1.png in Resources */,
				A00D5DC22118EFB600A46925 /* extra_large_3_half@2x.png in Resources */,
				A00D5DAF2118EFB600A46925 /* small_1_half.png in Resources */,
				A00D5DEB2118EFB600A46925 /* regular_3.png in Resources */,
				A00D5DD12118EFB600A46925 /* extra_large_1@2x.png in Resources */,
				A00D5D932118EFB600A46925 /* large_0@3x.png in Resources */,
				A00D5DEF2118EFB600A46925 /* regular_1@3x.png in Resources */,
				A00D5D8E2118EFB600A46925 /* large_2@3x.png in Resources */,
				A00D5DA92118EFB600A46925 /* small_4_half.png in Resources */,
				A00D5D962118EFB600A46925 /* large_4@3x.png in Resources */,
				A00D5DB72118EFB600A46925 /* small_2_half@2x.png in Resources */,
				A00D5D9B2118EFB600A46925 /* small_0@3x.png in Resources */,
				A00D5DAB2118EFB600A46925 /* small_1@3x.png in Resources */,
				A00D5DA32118EFB600A46925 /* small_3.png in Resources */,
				A00D5DE22118EFB600A46925 /* regular_2_half@2x.png in Resources */,
				A00D5D9A2118EFB600A46925 /* small_2@2x.png in Resources */,
				A00D5DF12118EFB600A46925 /* regular_1_half@2x.png in Resources */,
				A00D5D892118EFB600A46925 /* large_2_half@2x.png in Resources */,
				A00D5DE02118EFB600A46925 /* regular_3_half.png in Resources */,
				A00D5DE62118EFB600A46925 /* regular_4_half@2x.png in Resources */,
				A00D5DDF2118EFB600A46925 /* regular_5@3x.png in Resources */,
				A00D5D8F2118EFB600A46925 /* large_1_half.png in Resources */,
				A00D5DCE2118EFB600A46925 /* extra_large_4_half@2x.png in Resources */,
				A00D5D842118EFB600A46925 /* large_3@2x.png in Resources */,
				A08F6BB22107902A00CAD95B /* Main.storyboard in Resources */,
				A00D5D902118EFB600A46925 /* large_2@2x.png in Resources */,
				A00D5DDA2118EFB600A46925 /* regular_3_half@2x.png in Resources */,
				A00D5DB32118EFB600A46925 /* small_1@2x.png in Resources */,
				A00D5DD02118EFB600A46925 /* extra_large_3@3x.png in Resources */,
				A00D5DCF2118EFB600A46925 /* extra_large_1_half@3x.png in Resources */,
				A00D5DDD2118EFB600A46925 /* regular_0@3x.png in Resources */,
				A00D5DAD2118EFB600A46925 /* small_3@2x.png in Resources */,
				A00D5DDE2118EFB600A46925 /* regular_2@2x.png in Resources */,
				A00D5DED2118EFB600A46925 /* regular_4_half.png in Resources */,
				A00D5DA52118EFB600A46925 /* small_0.png in Resources */,
				A00D5DEC2118EFB600A46925 /* regular_3@2x.png in Resources */,
				A00D5D7D2118EFB600A46925 /* large_3@3x.png in Resources */,
				A00D5D862118EFB600A46925 /* large_2_half@3x.png in Resources */,
				A00D5D812118EFB600A46925 /* large_2_half.png in Resources */,
				A00D5DBC2118EFB600A46925 /* extra_large_0@2x.png in Resources */,
				A00D5D9F2118EFB600A46925 /* small_2@3x.png in Resources */,
				A00D5D852118EFB600A46925 /* large_4_half@2x.png in Resources */,
				A00D5DCD2118EFB600A46925 /* extra_large_4_half@3x.png in Resources */,
				A00D5DA72118EFB600A46925 /* small_5.png in Resources */,
				A00D5DA12118EFB600A46925 /* small_2.png in Resources */,
				A00D5D912118EFB600A46925 /* large_0.png in Resources */,
				A00D5DC42118EFB600A46925 /* extra_large_2.png in Resources */,
				A00D5DD42118EFB600A46925 /* extra_large_2_half@2x.png in Resources */,
				A00D5DE52118EFB600A46925 /* regular_5.png in Resources */,
				A00D5DD82118EFB600A46925 /* regular_4@2x.png in Resources */,
				A00D5DB22118EFB600A46925 /* small_1_half@3x.png in Resources */,
				A00D5DD32118EFB600A46925 /* extra_large_2_half@3x.png in Resources */,
				A00D5D7C2118EFB600A46925 /* large_4_half@3x.png in Resources */,
				A00D5D8B2118EFB600A46925 /* large_0@2x.png in Resources */,
				A00D5D872118EFB600A46925 /* large_5@3x.png in Resources */,
				A00D5DC62118EFB600A46925 /* extra_large_4@3x.png in Resources */,
				A00D5D952118EFB600A46925 /* large_2.png in Resources */,
				A00D5D982118EFB600A46925 /* large_3_half@3x.png in Resources */,
				A00D5DB12118EFB600A46925 /* small_3@3x.png in Resources */,
				A00D5DB02118EFB600A46925 /* small_4_half@2x.png in Resources */,
				A00D5DC92118EFB600A46925 /* extra_large_1@3x.png in Resources */,
				A00D5D9D2118EFB600A46925 /* small_2_half.png in Resources */,
				A00D5D9C2118EFB600A46925 /* small_3_half.png in Resources */,
				A00D5DDB2118EFB600A46925 /* regular_2@3x.png in Resources */,
				A00D5D802118EFB600A46925 /* large_3_half.png in Resources */,
				A00D5DA02118EFB600A46925 /* small_3_half@2x.png in Resources */,
				A00D5DE72118EFB600A46925 /* regular_4.png in Resources */,
				A00D5DBB2118EFB600A46925 /* extra_large_2_half.png in Resources */,
				A00D5DCC2118EFB600A46925 /* extra_large_1_half@2x.png in Resources */,
				A00D5DA42118EFB600A46925 /* small_1.png in Resources */,
				A00D5D7F2118EFB600A46925 /* large_1@2x.png in Resources */,
				A00D5DC32118EFB600A46925 /* extra_large_3.png in Resources */,
				A00D5DA22118EFB600A46925 /* small_4@2x.png in Resources */,
				A00D5D832118EFB600A46925 /* large_1_half@3x.png in Resources */,
				A0A8988A2114E2770012455D /* no_pic.png in Resources */,
				A00D5DC02118EFB600A46925 /* extra_large_4.png in Resources */,
				A00D5DBA2118EFB600A46925 /* extra_large_3_half.png in Resources */,
				A00D5DDC2118EFB600A46925 /* regular_0@2x.png in Resources */,
				A00D5DD72118EFB600A46925 /* regular_4@3x.png in Resources */,
				A00D5DD92118EFB600A46925 /* regular_1_half.png in Resources */,
				A00D5DBE2118EFB600A46925 /* extra_large_4_half.png in Resources */,
				A00D5DE32118EFB600A46925 /* regular_2_half@3x.png in Resources */,
				A00D5DF02118EFB600A46925 /* regular_0.png in Resources */,
				A00D5DB82118EFB600A46925 /* extra_large_2@2x.png in Resources */,
				A00D5DBD2118EFB600A46925 /* extra_large_2@3x.png in Resources */,
				A00D5DD22118EFB600A46925 /* extra_large_5@2x.png in Resources */,
				A00D5D9E2118EFB600A46925 /* small_0@2x.png in Resources */,
				A00D5DB62118EFB600A46925 /* small_5@3x.png in Resources */,
				A00D5DB42118EFB600A46925 /* small_2_half@3x.png in Resources */,
				A00D5DCA2118EFB600A46925 /* extra_large_3@2x.png in Resources */,
				A00D5D8C2118EFB600A46925 /* large_5.png in Resources */,
				A00D5D922118EFB600A46925 /* large_1.png in Resources */,
				A097BD2C211A5EF6004CC446 /* yelpLogo.png in Resources */,
				A00D5DBF2118EFB600A46925 /* extra_large_5.png in Resources */,
				A00D5DE82118EFB600A46925 /* regular_1_half@3x.png in Resources */,
				A00D5D882118EFB600A46925 /* large_5@2x.png in Resources */,
				A00D5DE92118EFB600A46925 /* regular_1@2x.png in Resources */,
			);
			runOnlyForDeploymentPostprocessing = 0;
		};
/* End PBXResourcesBuildPhase section */

/* Begin PBXShellScriptBuildPhase section */
		6919B8B41B5B2E66039B1D71 /* [CP] Copy Pods Resources */ = {
			isa = PBXShellScriptBuildPhase;
			buildActionMask = 2147483647;
			files = (
			);
			inputPaths = (
				"${SRCROOT}/Pods/Target Support Files/Pods-RvStops/Pods-RvStops-resources.sh",
				"${PODS_ROOT}/GoogleMaps/Maps/Frameworks/GoogleMaps.framework/Resources/GoogleMaps.bundle",
				"${PODS_ROOT}/GooglePlacePicker/Frameworks/GooglePlacePicker.framework/Resources/GooglePlacePicker.bundle",
				"${PODS_ROOT}/GooglePlaces/Frameworks/GooglePlaces.framework/Resources/GooglePlaces.bundle",
			);
			name = "[CP] Copy Pods Resources";
			outputPaths = (
				"${TARGET_BUILD_DIR}/${UNLOCALIZED_RESOURCES_FOLDER_PATH}/GoogleMaps.bundle",
				"${TARGET_BUILD_DIR}/${UNLOCALIZED_RESOURCES_FOLDER_PATH}/GooglePlacePicker.bundle",
				"${TARGET_BUILD_DIR}/${UNLOCALIZED_RESOURCES_FOLDER_PATH}/GooglePlaces.bundle",
			);
			runOnlyForDeploymentPostprocessing = 0;
			shellPath = /bin/sh;
			shellScript = "\"${SRCROOT}/Pods/Target Support Files/Pods-RvStops/Pods-RvStops-resources.sh\"\n";
			showEnvVarsInLog = 0;
		};
		ED307D6B07C59C43DCA2C6B8 /* [CP] Embed Pods Frameworks */ = {
			isa = PBXShellScriptBuildPhase;
			buildActionMask = 2147483647;
			files = (
			);
			inputPaths = (
				"${SRCROOT}/Pods/Target Support Files/Pods-RvStops/Pods-RvStops-frameworks.sh",
				"${BUILT_PRODUCTS_DIR}/Alamofire/Alamofire.framework",
				"${BUILT_PRODUCTS_DIR}/AlamofireImage/AlamofireImage.framework",
				"${BUILT_PRODUCTS_DIR}/SwiftyJSON/SwiftyJSON.framework",
			);
			name = "[CP] Embed Pods Frameworks";
			outputPaths = (
				"${TARGET_BUILD_DIR}/${FRAMEWORKS_FOLDER_PATH}/Alamofire.framework",
				"${TARGET_BUILD_DIR}/${FRAMEWORKS_FOLDER_PATH}/AlamofireImage.framework",
				"${TARGET_BUILD_DIR}/${FRAMEWORKS_FOLDER_PATH}/SwiftyJSON.framework",
			);
			runOnlyForDeploymentPostprocessing = 0;
			shellPath = /bin/sh;
			shellScript = "\"${SRCROOT}/Pods/Target Support Files/Pods-RvStops/Pods-RvStops-frameworks.sh\"\n";
			showEnvVarsInLog = 0;
		};
		FD35D0A51C4DBE2469264544 /* [CP] Check Pods Manifest.lock */ = {
			isa = PBXShellScriptBuildPhase;
			buildActionMask = 2147483647;
			files = (
			);
			inputPaths = (
				"${PODS_PODFILE_DIR_PATH}/Podfile.lock",
				"${PODS_ROOT}/Manifest.lock",
			);
			name = "[CP] Check Pods Manifest.lock";
			outputPaths = (
				"$(DERIVED_FILE_DIR)/Pods-RvStops-checkManifestLockResult.txt",
			);
			runOnlyForDeploymentPostprocessing = 0;
			shellPath = /bin/sh;
			shellScript = "diff \"${PODS_PODFILE_DIR_PATH}/Podfile.lock\" \"${PODS_ROOT}/Manifest.lock\" > /dev/null\nif [ $? != 0 ] ; then\n    # print error to STDERR\n    echo \"error: The sandbox is not in sync with the Podfile.lock. Run 'pod install' or update your CocoaPods installation.\" >&2\n    exit 1\nfi\n# This output is used by Xcode 'outputs' to avoid re-running this script phase.\necho \"SUCCESS\" > \"${SCRIPT_OUTPUT_FILE_0}\"\n";
			showEnvVarsInLog = 0;
		};
/* End PBXShellScriptBuildPhase section */

/* Begin PBXSourcesBuildPhase section */
		A08F6BA52107902A00CAD95B /* Sources */ = {
			isa = PBXSourcesBuildPhase;
			buildActionMask = 2147483647;
			files = (
				A0A8961221136EFD0012455D /* ListViewCells.swift in Sources */,
				A08F6BAF2107902A00CAD95B /* MapViewController.swift in Sources */,
				A0A896152113BDA50012455D /* RvParkViewController.swift in Sources */,
				A0A8960E211271EE0012455D /* GoogleMapsExtension.swift in Sources */,
				A0A8961021136E060012455D /* ListViewController.swift in Sources */,
				A0134D58210A363800A18853 /* RVpark.swift in Sources */,
				A01ECF7F211115AD0002E325 /* RouteAnnotation.swift in Sources */,
				A08F6BAD2107902A00CAD95B /* AppDelegate.swift in Sources */,
			);
			runOnlyForDeploymentPostprocessing = 0;
		};
/* End PBXSourcesBuildPhase section */

/* Begin PBXVariantGroup section */
		A08F6BB02107902A00CAD95B /* Main.storyboard */ = {
			isa = PBXVariantGroup;
			children = (
				A08F6BB12107902A00CAD95B /* Base */,
			);
			name = Main.storyboard;
			sourceTree = "<group>";
		};
		A08F6BB52107902B00CAD95B /* LaunchScreen.storyboard */ = {
			isa = PBXVariantGroup;
			children = (
				A08F6BB62107902B00CAD95B /* Base */,
			);
			name = LaunchScreen.storyboard;
			sourceTree = "<group>";
		};
/* End PBXVariantGroup section */

/* Begin XCBuildConfiguration section */
		A08F6BB92107902B00CAD95B /* Debug */ = {
			isa = XCBuildConfiguration;
			buildSettings = {
				ALWAYS_SEARCH_USER_PATHS = NO;
				CLANG_ANALYZER_NONNULL = YES;
				CLANG_ANALYZER_NUMBER_OBJECT_CONVERSION = YES_AGGRESSIVE;
				CLANG_CXX_LANGUAGE_STANDARD = "gnu++14";
				CLANG_CXX_LIBRARY = "libc++";
				CLANG_ENABLE_MODULES = YES;
				CLANG_ENABLE_OBJC_ARC = YES;
				CLANG_ENABLE_OBJC_WEAK = YES;
				CLANG_WARN_BLOCK_CAPTURE_AUTORELEASING = YES;
				CLANG_WARN_BOOL_CONVERSION = YES;
				CLANG_WARN_COMMA = YES;
				CLANG_WARN_CONSTANT_CONVERSION = YES;
				CLANG_WARN_DEPRECATED_OBJC_IMPLEMENTATIONS = YES;
				CLANG_WARN_DIRECT_OBJC_ISA_USAGE = YES_ERROR;
				CLANG_WARN_DOCUMENTATION_COMMENTS = YES;
				CLANG_WARN_EMPTY_BODY = YES;
				CLANG_WARN_ENUM_CONVERSION = YES;
				CLANG_WARN_INFINITE_RECURSION = YES;
				CLANG_WARN_INT_CONVERSION = YES;
				CLANG_WARN_NON_LITERAL_NULL_CONVERSION = YES;
				CLANG_WARN_OBJC_IMPLICIT_RETAIN_SELF = YES;
				CLANG_WARN_OBJC_LITERAL_CONVERSION = YES;
				CLANG_WARN_OBJC_ROOT_CLASS = YES_ERROR;
				CLANG_WARN_RANGE_LOOP_ANALYSIS = YES;
				CLANG_WARN_STRICT_PROTOTYPES = YES;
				CLANG_WARN_SUSPICIOUS_MOVE = YES;
				CLANG_WARN_UNGUARDED_AVAILABILITY = YES_AGGRESSIVE;
				CLANG_WARN_UNREACHABLE_CODE = YES;
				CLANG_WARN__DUPLICATE_METHOD_MATCH = YES;
				CODE_SIGN_IDENTITY = "iPhone Developer";
				COPY_PHASE_STRIP = NO;
				DEBUG_INFORMATION_FORMAT = dwarf;
				ENABLE_STRICT_OBJC_MSGSEND = YES;
				ENABLE_TESTABILITY = YES;
				GCC_C_LANGUAGE_STANDARD = gnu11;
				GCC_DYNAMIC_NO_PIC = NO;
				GCC_NO_COMMON_BLOCKS = YES;
				GCC_OPTIMIZATION_LEVEL = 0;
				GCC_PREPROCESSOR_DEFINITIONS = (
					"DEBUG=1",
					"$(inherited)",
				);
				GCC_WARN_64_TO_32_BIT_CONVERSION = YES;
				GCC_WARN_ABOUT_RETURN_TYPE = YES_ERROR;
				GCC_WARN_UNDECLARED_SELECTOR = YES;
				GCC_WARN_UNINITIALIZED_AUTOS = YES_AGGRESSIVE;
				GCC_WARN_UNUSED_FUNCTION = YES;
				GCC_WARN_UNUSED_VARIABLE = YES;
				IPHONEOS_DEPLOYMENT_TARGET = 11.4;
				MTL_ENABLE_DEBUG_INFO = YES;
				ONLY_ACTIVE_ARCH = YES;
				SDKROOT = iphoneos;
				SWIFT_ACTIVE_COMPILATION_CONDITIONS = DEBUG;
				SWIFT_OPTIMIZATION_LEVEL = "-Onone";
			};
			name = Debug;
		};
		A08F6BBA2107902B00CAD95B /* Release */ = {
			isa = XCBuildConfiguration;
			buildSettings = {
				ALWAYS_SEARCH_USER_PATHS = NO;
				CLANG_ANALYZER_NONNULL = YES;
				CLANG_ANALYZER_NUMBER_OBJECT_CONVERSION = YES_AGGRESSIVE;
				CLANG_CXX_LANGUAGE_STANDARD = "gnu++14";
				CLANG_CXX_LIBRARY = "libc++";
				CLANG_ENABLE_MODULES = YES;
				CLANG_ENABLE_OBJC_ARC = YES;
				CLANG_ENABLE_OBJC_WEAK = YES;
				CLANG_WARN_BLOCK_CAPTURE_AUTORELEASING = YES;
				CLANG_WARN_BOOL_CONVERSION = YES;
				CLANG_WARN_COMMA = YES;
				CLANG_WARN_CONSTANT_CONVERSION = YES;
				CLANG_WARN_DEPRECATED_OBJC_IMPLEMENTATIONS = YES;
				CLANG_WARN_DIRECT_OBJC_ISA_USAGE = YES_ERROR;
				CLANG_WARN_DOCUMENTATION_COMMENTS = YES;
				CLANG_WARN_EMPTY_BODY = YES;
				CLANG_WARN_ENUM_CONVERSION = YES;
				CLANG_WARN_INFINITE_RECURSION = YES;
				CLANG_WARN_INT_CONVERSION = YES;
				CLANG_WARN_NON_LITERAL_NULL_CONVERSION = YES;
				CLANG_WARN_OBJC_IMPLICIT_RETAIN_SELF = YES;
				CLANG_WARN_OBJC_LITERAL_CONVERSION = YES;
				CLANG_WARN_OBJC_ROOT_CLASS = YES_ERROR;
				CLANG_WARN_RANGE_LOOP_ANALYSIS = YES;
				CLANG_WARN_STRICT_PROTOTYPES = YES;
				CLANG_WARN_SUSPICIOUS_MOVE = YES;
				CLANG_WARN_UNGUARDED_AVAILABILITY = YES_AGGRESSIVE;
				CLANG_WARN_UNREACHABLE_CODE = YES;
				CLANG_WARN__DUPLICATE_METHOD_MATCH = YES;
				CODE_SIGN_IDENTITY = "iPhone Developer";
				COPY_PHASE_STRIP = NO;
				DEBUG_INFORMATION_FORMAT = "dwarf-with-dsym";
				ENABLE_NS_ASSERTIONS = NO;
				ENABLE_STRICT_OBJC_MSGSEND = YES;
				GCC_C_LANGUAGE_STANDARD = gnu11;
				GCC_NO_COMMON_BLOCKS = YES;
				GCC_WARN_64_TO_32_BIT_CONVERSION = YES;
				GCC_WARN_ABOUT_RETURN_TYPE = YES_ERROR;
				GCC_WARN_UNDECLARED_SELECTOR = YES;
				GCC_WARN_UNINITIALIZED_AUTOS = YES_AGGRESSIVE;
				GCC_WARN_UNUSED_FUNCTION = YES;
				GCC_WARN_UNUSED_VARIABLE = YES;
				IPHONEOS_DEPLOYMENT_TARGET = 11.4;
				MTL_ENABLE_DEBUG_INFO = NO;
				SDKROOT = iphoneos;
				SWIFT_COMPILATION_MODE = wholemodule;
				SWIFT_OPTIMIZATION_LEVEL = "-O";
				VALIDATE_PRODUCT = YES;
			};
			name = Release;
		};
		A08F6BBC2107902B00CAD95B /* Debug */ = {
			isa = XCBuildConfiguration;
			baseConfigurationReference = 6094600B87FDAE43B1919AF5 /* Pods-RvStops.debug.xcconfig */;
			buildSettings = {
				ASSETCATALOG_COMPILER_APPICON_NAME = AppIcon;
				CODE_SIGN_IDENTITY = "iPhone Developer";
				CODE_SIGN_STYLE = Automatic;
				DEVELOPMENT_TEAM = UY524LYXZM;
				INFOPLIST_FILE = RvStops/Info.plist;
				IPHONEOS_DEPLOYMENT_TARGET = 11.0;
				LD_RUNPATH_SEARCH_PATHS = (
					"$(inherited)",
					"@executable_path/Frameworks",
				);
				PRODUCT_BUNDLE_IDENTIFIER = com.grace.RvStops;
				PRODUCT_NAME = "$(TARGET_NAME)";
				PROVISIONING_PROFILE_SPECIFIER = "";
				SWIFT_VERSION = 4.0;
				TARGETED_DEVICE_FAMILY = 1;
			};
			name = Debug;
		};
		A08F6BBD2107902B00CAD95B /* Release */ = {
			isa = XCBuildConfiguration;
			baseConfigurationReference = A50C0DEEA4E0004558600511 /* Pods-RvStops.release.xcconfig */;
			buildSettings = {
				ASSETCATALOG_COMPILER_APPICON_NAME = AppIcon;
				CODE_SIGN_IDENTITY = "iPhone Developer";
				CODE_SIGN_STYLE = Automatic;
				DEVELOPMENT_TEAM = UY524LYXZM;
				INFOPLIST_FILE = RvStops/Info.plist;
				IPHONEOS_DEPLOYMENT_TARGET = 11.0;
				LD_RUNPATH_SEARCH_PATHS = (
					"$(inherited)",
					"@executable_path/Frameworks",
				);
				PRODUCT_BUNDLE_IDENTIFIER = com.grace.RvStops;
				PRODUCT_NAME = "$(TARGET_NAME)";
				PROVISIONING_PROFILE_SPECIFIER = "";
				SWIFT_VERSION = 4.0;
				TARGETED_DEVICE_FAMILY = 1;
			};
			name = Release;
		};
/* End XCBuildConfiguration section */

/* Begin XCConfigurationList section */
		A08F6BA42107902A00CAD95B /* Build configuration list for PBXProject "RvStops" */ = {
			isa = XCConfigurationList;
			buildConfigurations = (
				A08F6BB92107902B00CAD95B /* Debug */,
				A08F6BBA2107902B00CAD95B /* Release */,
			);
			defaultConfigurationIsVisible = 0;
			defaultConfigurationName = Release;
		};
		A08F6BBB2107902B00CAD95B /* Build configuration list for PBXNativeTarget "RvStops" */ = {
			isa = XCConfigurationList;
			buildConfigurations = (
				A08F6BBC2107902B00CAD95B /* Debug */,
				A08F6BBD2107902B00CAD95B /* Release */,
			);
			defaultConfigurationIsVisible = 0;
			defaultConfigurationName = Release;
		};
/* End XCConfigurationList section */
	};
	rootObject = A08F6BA12107902A00CAD95B /* Project object */;
}
